{
  "name": "finance-agent",
  "version": "1.0.0",
  "lockfileVersion": 3,
  "requires": true,
  "packages": {
    "": {
      "name": "finance-agent",
      "version": "1.0.0",
      "license": "ISC",
      "dependencies": {
        "@sinclair/typebox": "^0.34.41"
      }
    },
    "node_modules/@sinclair/typebox": {
      "version": "0.34.41",
      "resolved": "https://registry.npmjs.org/@sinclair/typebox/-/typebox-0.34.41.tgz",
      "integrity": "sha512-6gS8pZzSXdyRHTIqoqSVknxolr1kzfy4/CeDnrzsVz8TTIWUbOBr6gnzOmTYJ3eXQNh4IYHIGi5aIL7sOZ2G/g==",
      "license": "MIT"
    }
  }
}
